lockfileVersion: '9.0'

settings:
  autoInstallPeers: true
  excludeLinksFromLockfile: false

importers:

  .:
    devDependencies:
      '@biomejs/biome':
        specifier: 2.3.11
        version: 2.3.11
      '@rainstormy/presets-biome':
        specifier: 2.1.3
        version: 2.1.3(@biomejs/biome@2.3.11)
      lefthook:
        specifier: 2.1.9
        version: 2.1.9

packages:

  '@biomejs/biome@2.3.11':
    resolution: {integrity: sha512-/zt+6qazBWguPG6+eWmiELqO+9jRsMZ/DBU3lfuU2ngtIQYzymocHhKiZRyrbra4aCOoyTg/BmY+6WH5mv9xmQ==}
    engines: {node: '>=14.21.3'}
    hasBin: true

  '@biomejs/cli-darwin-arm64@2.3.11':
    resolution: {integrity: sha512-/uXXkBcPKVQY7rc9Ys2CrlirBJYbpESEDme7RKiBD6MmqR2w3j0+ZZXRIL2xiaNPsIMMNhP1YnA+jRRxoOAFrA==}
    engines: {node: '>=14.21.3'}
    cpu: [arm64]
    os: [darwin]

  '@biomejs/cli-darwin-x64@2.3.11':
    resolution: {integrity: sha512-fh7nnvbweDPm2xEmFjfmq7zSUiox88plgdHF9OIW4i99WnXrAC3o2P3ag9judoUMv8FCSUnlwJCM1B64nO5Fbg==}
    engines: {node: '>=14.21.3'}
    cpu: [x64]
    os: [darwin]

  '@biomejs/cli-linux-arm64-musl@2.3.11':
    resolution: {integrity: sha512-XPSQ+XIPZMLaZ6zveQdwNjbX+QdROEd1zPgMwD47zvHV+tCGB88VH+aynyGxAHdzL+Tm/+DtKST5SECs4iwCLg==}
    engines: {node: '>=14.21.3'}
    cpu: [arm64]
    os: [linux]
    libc: [musl]

  '@biomejs/cli-linux-arm64@2.3.11':
    resolution: {integrity: sha512-l4xkGa9E7Uc0/05qU2lMYfN1H+fzzkHgaJoy98wO+b/7Gl78srbCRRgwYSW+BTLixTBrM6Ede5NSBwt7rd/i6g==}
    engines: {node: '>=14.21.3'}
    cpu: [arm64]
    os: [linux]
    libc: [glibc]

  '@biomejs/cli-linux-x64-musl@2.3.11':
    resolution: {integrity: sha512-vU7a8wLs5C9yJ4CB8a44r12aXYb8yYgBn+WeyzbMjaCMklzCv1oXr8x+VEyWodgJt9bDmhiaW/I0RHbn7rsNmw==}
    engines: {node: '>=14.21.3'}
    cpu: [x64]
    os: [linux]
    libc: [musl]

  '@biomejs/cli-linux-x64@2.3.11':
    resolution: {integrity: sha512-/1s9V/H3cSe0r0Mv/Z8JryF5x9ywRxywomqZVLHAoa/uN0eY7F8gEngWKNS5vbbN/BsfpCG5yeBT5ENh50Frxg==}
    engines: {node: '>=14.21.3'}
    cpu: [x64]
    os: [linux]
    libc: [glibc]

  '@biomejs/cli-win32-arm64@2.3.11':
    resolution: {integrity: sha512-PZQ6ElCOnkYapSsysiTy0+fYX+agXPlWugh6+eQ6uPKI3vKAqNp6TnMhoM3oY2NltSB89hz59o8xIfOdyhi9Iw==}
    engines: {node: '>=14.21.3'}
    cpu: [arm64]
    os: [win32]

  '@biomejs/cli-win32-x64@2.3.11':
    resolution: {integrity: sha512-43VrG813EW+b5+YbDbz31uUsheX+qFKCpXeY9kfdAx+ww3naKxeVkTD9zLIWxUPfJquANMHrmW3wbe/037G0Qg==}
    engines: {node: '>=14.21.3'}
    cpu: [x64]
    os: [win32]

  '@rainstormy/presets-biome@2.1.3':
    resolution: {integrity: sha512-9XiM4tiPNc9bFwwt4h6AzesggLx2h3KApti0N39MjXC2sDzAvXo0nAToGZyRNLWQnpnk8lecanfDp/N5Ecmf6g==}
    peerDependencies:
      '@biomejs/biome': '>=2.2.0 <2.4.0'

  lefthook-darwin-arm64@2.1.9:
    resolution: {integrity: sha512-119HryNcvr4nqn0wUIrNPgpMEPn9yMQzEcW/lezRsnb56PCJriJB92+MCySPVcWDxJnZef7o0T3jdnPNiSH7Qg==}
    cpu: [arm64]
    os: [darwin]

  lefthook-darwin-x64@2.1.9:
    resolution: {integrity: sha512-dwo5Tke2XcQCM56DGHgFKBfRbJIL6xs2wZ0zG1TUVZgl4t4mQUt6LiZ4V/ZQfYHTZF9qywvXoIlR5N35qOaiVQ==}
    cpu: [x64]
    os: [darwin]

  lefthook-freebsd-arm64@2.1.9:
    resolution: {integrity: sha512-+09PVap6nl6xsaHch5JLtq7WvIR++U1Q2MzA2ai0M4uB/VP3AqrvKqHw6+9hjyKnIH+HHL83uqi77EAY+LaxLA==}
    cpu: [arm64]
    os: [freebsd]

  lefthook-freebsd-x64@2.1.9:
    resolution: {integrity: sha512-8XresjKIYpkE9ARgCtBEZgJZxAU3T4MIqzj4zNy15XRT59I1Us+QdqXTNm+pkZ41Yd2X/nxs2Pkvbq3NWWlIGw==}
    cpu: [x64]
    os: [freebsd]

  lefthook-linux-arm64@2.1.9:
    resolution: {integrity: sha512-1oNIQfwrPe6rgU2KcDM3aF6+hpZDCKx1TmawQKpXUY5gVsbZ7MqX0Sk/1lnnWxqPm+kQQ5f6J2dpFWd+4xH8jg==}
    cpu: [arm64]
    os: [linux]

  lefthook-linux-x64@2.1.9:
    resolution: {integrity: sha512-fT+7Q+BJyGp+CslFQkNXmdFRgyVXsPHPi9NAsDX0a6QOyNnoORByAsvx6zeAKuF5rL3BBgNfho1/v2RuGxGy9w==}
    cpu: [x64]
    os: [linux]

  lefthook-openbsd-arm64@2.1.9:
    resolution: {integrity: sha512-4bVuafBk3dddVNo0+3hMbjcJs4mqYAstxpPMmX2ufkudSTYFNIhWoqwuGVQV/SS/xdcOKJAldW4qayAzed2ysw==}
    cpu: [arm64]
    os: [openbsd]

  lefthook-openbsd-x64@2.1.9:
    resolution: {integrity: sha512-PmPoMmLP/wQQWcQ9u2YH86bTZ3UCfBsxuEmVTEyPU2U8R1qSTp5r/Gs3G8cN5Mxo91XB9oBERtF1n+xD3W6aVA==}
    cpu: [x64]
    os: [openbsd]

  lefthook-windows-arm64@2.1.9:
    resolution: {integrity: sha512-KphfkBKmwBnmolyrdhIl3lrBaOyTcCgXBT2AB/9OHnEXhOLvv5uTCUkrD4YRAxXPtFKq6UvnapIeoL3GZq0bdA==}
    cpu: [arm64]
    os: [win32]

  lefthook-windows-x64@2.1.9:
    resolution: {integrity: sha512-2qlUtkJHZ3MyUxgV5XTEmcrIoNZA07iwaquoswAcqv/1MeBFXlD+O+koFRfrzWng2O5WYEbpJnd8tvaYnV8fTA==}
    cpu: [x64]
    os: [win32]

  lefthook@2.1.9:
    resolution: {integrity: sha512-bwDaIOViTktE8kJLf9jP0p+H2/RDTlFFlc43Am2YgUsX22hI6Sq4RbzsrecwzY5y+MHTipOH7WsmWSEniePHWQ==}
    hasBin: true

snapshots:

  '@biomejs/biome@2.3.11':
    optionalDependencies:
      '@biomejs/cli-darwin-arm64': 2.3.11
      '@biomejs/cli-darwin-x64': 2.3.11
      '@biomejs/cli-linux-arm64': 2.3.11
      '@biomejs/cli-linux-arm64-musl': 2.3.11
      '@biomejs/cli-linux-x64': 2.3.11
      '@biomejs/cli-linux-x64-musl': 2.3.11
      '@biomejs/cli-win32-arm64': 2.3.11
      '@biomejs/cli-win32-x64': 2.3.11

  '@biomejs/cli-darwin-arm64@2.3.11':
    optional: true

  '@biomejs/cli-darwin-x64@2.3.11':
    optional: true

  '@biomejs/cli-linux-arm64-musl@2.3.11':
    optional: true

  '@biomejs/cli-linux-arm64@2.3.11':
    optional: true

  '@biomejs/cli-linux-x64-musl@2.3.11':
    optional: true

  '@biomejs/cli-linux-x64@2.3.11':
    optional: true

  '@biomejs/cli-win32-arm64@2.3.11':
    optional: true

  '@biomejs/cli-win32-x64@2.3.11':
    optional: true

  '@rainstormy/presets-biome@2.1.3(@biomejs/biome@2.3.11)':
    dependencies:
      '@biomejs/biome': 2.3.11

  lefthook-darwin-arm64@2.1.9:
    optional: true

  lefthook-darwin-x64@2.1.9:
    optional: true

  lefthook-freebsd-arm64@2.1.9:
    optional: true

  lefthook-freebsd-x64@2.1.9:
    optional: true

  lefthook-linux-arm64@2.1.9:
    optional: true

  lefthook-linux-x64@2.1.9:
    optional: true

  lefthook-openbsd-arm64@2.1.9:
    optional: true

  lefthook-openbsd-x64@2.1.9:
    optional: true

  lefthook-windows-arm64@2.1.9:
    optional: true

  lefthook-windows-x64@2.1.9:
    optional: true

  lefthook@2.1.9:
    optionalDependencies:
      lefthook-darwin-arm64: 2.1.9
      lefthook-darwin-x64: 2.1.9
      lefthook-freebsd-arm64: 2.1.9
      lefthook-freebsd-x64: 2.1.9
      lefthook-linux-arm64: 2.1.9
      lefthook-linux-x64: 2.1.9
      lefthook-openbsd-arm64: 2.1.9
      lefthook-openbsd-x64: 2.1.9
      lefthook-windows-arm64: 2.1.9
      lefthook-windows-x64: 2.1.9
