lockfileVersion: '9.0'

settings:
  autoInstallPeers: true
  excludeLinksFromLockfile: false

importers:

  .:
    devDependencies:
      '@biomejs/biome':
        specifier: 2.3.11
        version: 2.3.11
      '@rainstormy/presets-biome':
        specifier: 2.1.5
        version: 2.1.5(@biomejs/biome@2.3.11)
      lefthook:
        specifier: 2.1.8
        version: 2.1.8

packages:

  '@biomejs/biome@2.3.11':
    resolution: {integrity: sha512-/zt+6qazBWguPG6+eWmiELqO+9jRsMZ/DBU3lfuU2ngtIQYzymocHhKiZRyrbra4aCOoyTg/BmY+6WH5mv9xmQ==}
    engines: {node: '>=14.21.3'}
    hasBin: true

  '@biomejs/cli-darwin-arm64@2.3.11':
    resolution: {integrity: sha512-/uXXkBcPKVQY7rc9Ys2CrlirBJYbpESEDme7RKiBD6MmqR2w3j0+ZZXRIL2xiaNPsIMMNhP1YnA+jRRxoOAFrA==}
    engines: {node: '>=14.21.3'}
    cpu: [arm64]
    os: [darwin]

  '@biomejs/cli-darwin-x64@2.3.11':
    resolution: {integrity: sha512-fh7nnvbweDPm2xEmFjfmq7zSUiox88plgdHF9OIW4i99WnXrAC3o2P3ag9judoUMv8FCSUnlwJCM1B64nO5Fbg==}
    engines: {node: '>=14.21.3'}
    cpu: [x64]
    os: [darwin]

  '@biomejs/cli-linux-arm64-musl@2.3.11':
    resolution: {integrity: sha512-XPSQ+XIPZMLaZ6zveQdwNjbX+QdROEd1zPgMwD47zvHV+tCGB88VH+aynyGxAHdzL+Tm/+DtKST5SECs4iwCLg==}
    engines: {node: '>=14.21.3'}
    cpu: [arm64]
    os: [linux]
    libc: [musl]

  '@biomejs/cli-linux-arm64@2.3.11':
    resolution: {integrity: sha512-l4xkGa9E7Uc0/05qU2lMYfN1H+fzzkHgaJoy98wO+b/7Gl78srbCRRgwYSW+BTLixTBrM6Ede5NSBwt7rd/i6g==}
    engines: {node: '>=14.21.3'}
    cpu: [arm64]
    os: [linux]
    libc: [glibc]

  '@biomejs/cli-linux-x64-musl@2.3.11':
    resolution: {integrity: sha512-vU7a8wLs5C9yJ4CB8a44r12aXYb8yYgBn+WeyzbMjaCMklzCv1oXr8x+VEyWodgJt9bDmhiaW/I0RHbn7rsNmw==}
    engines: {node: '>=14.21.3'}
    cpu: [x64]
    os: [linux]
    libc: [musl]

  '@biomejs/cli-linux-x64@2.3.11':
    resolution: {integrity: sha512-/1s9V/H3cSe0r0Mv/Z8JryF5x9ywRxywomqZVLHAoa/uN0eY7F8gEngWKNS5vbbN/BsfpCG5yeBT5ENh50Frxg==}
    engines: {node: '>=14.21.3'}
    cpu: [x64]
    os: [linux]
    libc: [glibc]

  '@biomejs/cli-win32-arm64@2.3.11':
    resolution: {integrity: sha512-PZQ6ElCOnkYapSsysiTy0+fYX+agXPlWugh6+eQ6uPKI3vKAqNp6TnMhoM3oY2NltSB89hz59o8xIfOdyhi9Iw==}
    engines: {node: '>=14.21.3'}
    cpu: [arm64]
    os: [win32]

  '@biomejs/cli-win32-x64@2.3.11':
    resolution: {integrity: sha512-43VrG813EW+b5+YbDbz31uUsheX+qFKCpXeY9kfdAx+ww3naKxeVkTD9zLIWxUPfJquANMHrmW3wbe/037G0Qg==}
    engines: {node: '>=14.21.3'}
    cpu: [x64]
    os: [win32]

  '@rainstormy/presets-biome@2.1.5':
    resolution: {integrity: sha512-uOu9qWHJc3hu/VJNv2a26hO1fvZZWejbzrwgLPqejBxsUVw4aVvAn99ngOI8I9/ePFOKu2DrCt6lRDBfVPVjzw==}
    peerDependencies:
      '@biomejs/biome': '>=2.2.0 <2.4.0'

  lefthook-darwin-arm64@2.1.8:
    resolution: {integrity: sha512-6dZr2QUdJOOvy9FjQHZoFVfPjgxb9IH5f9DeU0OBYMQ0cUGvb5YjHnkUkRrWIlASmwFm1bk3OPwhqKU7pTsICw==}
    cpu: [arm64]
    os: [darwin]

  lefthook-darwin-x64@2.1.8:
    resolution: {integrity: sha512-DW1yc+W5RBHdwaPJ94/mwFNROmNHI8Osu0iziIeJFXJIdkQ2P+KHfoxBWejYd2QA2Eu5W9i+gBssTDkJ4kX2kA==}
    cpu: [x64]
    os: [darwin]

  lefthook-freebsd-arm64@2.1.8:
    resolution: {integrity: sha512-rmWVdImTihY/V1bLSb3zeDxEHjRBQtudnkKKsoph934enIWPwzIap5zVHHAj8q9mzp0wpn5r1ybX55aO2wM61A==}
    cpu: [arm64]
    os: [freebsd]

  lefthook-freebsd-x64@2.1.8:
    resolution: {integrity: sha512-o1AG4CpmgESxLqZWzkXhne+PhLhLFV0GHVAIJCmieOwq4q2+rDYAudGhtot/NrgSpyMCo84qVSQmI8Dgnu1XJw==}
    cpu: [x64]
    os: [freebsd]

  lefthook-linux-arm64@2.1.8:
    resolution: {integrity: sha512-er3zTjx2DMxojPJ1LZv0G3ug9Th+mAapqWrt5ZZhQNcXWW28pfvo2fCqBs6Fz14GMn4xassmwOpGovutSh1UtA==}
    cpu: [arm64]
    os: [linux]

  lefthook-linux-x64@2.1.8:
    resolution: {integrity: sha512-3yGx0VFbPcaKiIir313ETNcyq34CfAwkIU+Ry3WMGDjrsRNuA/YlDxm0BHKLcum7u+rpVfT4Uz6r8gHdaHXolg==}
    cpu: [x64]
    os: [linux]

  lefthook-openbsd-arm64@2.1.8:
    resolution: {integrity: sha512-Dq+GJdJdclOwxt4NneTFHjLSA4v8tI7XUZq40KUVtpUQDpZcYhXSdkTytB0uLmD52tbFKt9Kx0VbB6uvxPvLvw==}
    cpu: [arm64]
    os: [openbsd]

  lefthook-openbsd-x64@2.1.8:
    resolution: {integrity: sha512-/Gv2EdlzyiDoK+9fDWIn+EeTgrNeVncQsSeAF47X2Abe5LGxuFjZbBXxEIkY1BU79OQNNLnkx0gFHbrr5mmd9Q==}
    cpu: [x64]
    os: [openbsd]

  lefthook-windows-arm64@2.1.8:
    resolution: {integrity: sha512-S+/pBBj/7hMQOl9pLBS4Ut8+U0feQbzmD7iN0ifNth4r/uqW8UFFAHwERbclfsVnni4ceHpt7lFr7sXsu0RU8g==}
    cpu: [arm64]
    os: [win32]

  lefthook-windows-x64@2.1.8:
    resolution: {integrity: sha512-MpdgKMU/JLLCsEpTqJ9jWlxngSdDh3EknvUHveWePrIms7G11y6R3oZBNRSqZ+zx/PGNl/HKvqEtbwtw8Hz3gw==}
    cpu: [x64]
    os: [win32]

  lefthook@2.1.8:
    resolution: {integrity: sha512-tJIoVpFF52PuU8YPJI9bRprGwzI6FR2GNeBbpMnXdRjjfJHyOR4VRLXilzoQ6lbhKVHfTohXhrQgLpU41bKITg==}
    hasBin: true

snapshots:

  '@biomejs/biome@2.3.11':
    optionalDependencies:
      '@biomejs/cli-darwin-arm64': 2.3.11
      '@biomejs/cli-darwin-x64': 2.3.11
      '@biomejs/cli-linux-arm64': 2.3.11
      '@biomejs/cli-linux-arm64-musl': 2.3.11
      '@biomejs/cli-linux-x64': 2.3.11
      '@biomejs/cli-linux-x64-musl': 2.3.11
      '@biomejs/cli-win32-arm64': 2.3.11
      '@biomejs/cli-win32-x64': 2.3.11

  '@biomejs/cli-darwin-arm64@2.3.11':
    optional: true

  '@biomejs/cli-darwin-x64@2.3.11':
    optional: true

  '@biomejs/cli-linux-arm64-musl@2.3.11':
    optional: true

  '@biomejs/cli-linux-arm64@2.3.11':
    optional: true

  '@biomejs/cli-linux-x64-musl@2.3.11':
    optional: true

  '@biomejs/cli-linux-x64@2.3.11':
    optional: true

  '@biomejs/cli-win32-arm64@2.3.11':
    optional: true

  '@biomejs/cli-win32-x64@2.3.11':
    optional: true

  '@rainstormy/presets-biome@2.1.5(@biomejs/biome@2.3.11)':
    dependencies:
      '@biomejs/biome': 2.3.11

  lefthook-darwin-arm64@2.1.8:
    optional: true

  lefthook-darwin-x64@2.1.8:
    optional: true

  lefthook-freebsd-arm64@2.1.8:
    optional: true

  lefthook-freebsd-x64@2.1.8:
    optional: true

  lefthook-linux-arm64@2.1.8:
    optional: true

  lefthook-linux-x64@2.1.8:
    optional: true

  lefthook-openbsd-arm64@2.1.8:
    optional: true

  lefthook-openbsd-x64@2.1.8:
    optional: true

  lefthook-windows-arm64@2.1.8:
    optional: true

  lefthook-windows-x64@2.1.8:
    optional: true

  lefthook@2.1.8:
    optionalDependencies:
      lefthook-darwin-arm64: 2.1.8
      lefthook-darwin-x64: 2.1.8
      lefthook-freebsd-arm64: 2.1.8
      lefthook-freebsd-x64: 2.1.8
      lefthook-linux-arm64: 2.1.8
      lefthook-linux-x64: 2.1.8
      lefthook-openbsd-arm64: 2.1.8
      lefthook-openbsd-x64: 2.1.8
      lefthook-windows-arm64: 2.1.8
      lefthook-windows-x64: 2.1.8
