lockfileVersion: '9.0'

settings:
  autoInstallPeers: true
  excludeLinksFromLockfile: false

importers:

  .:
    devDependencies:
      '@biomejs/biome':
        specifier: 2.5.14
        version: 2.5.14
      '@rainstormy/presets-biome':
        specifier: 2.1.3
        version: 2.1.3(@biomejs/biome@2.5.14)
      lefthook:
        specifier: 2.1.8
        version: 2.1.8

packages:

  '@biomejs/biome@2.5.14':
    resolution: {integrity: sha512-0FabLIjd4M/dm8VFI86RMaLLdgepzbdfiAL2R8cr7V81OYYrP1w7Z73KfAwPK5h9SrEBXTzNG2y+mBwPo9xRnw==}
    engines: {node: '>=14.21.3'}
    hasBin: true

  '@biomejs/cli-darwin-arm64@2.5.14':
    resolution: {integrity: sha512-UnzaXO65L4tsZimFITFP2M121GyhDcWFrT3pL5ZJ5U4XcS/0L5VHYytVohdCf/gnDUFHgl2I9xnt5bV/J1kxHQ==}
    engines: {node: '>=14.21.3'}
    cpu: [arm64]
    os: [darwin]

  '@biomejs/cli-darwin-x64@2.5.14':
    resolution: {integrity: sha512-kiy8qA16K93J7uvFfWi4LgjqDpnRKyePAna6A0Y4jxyUga35SYpIZ2cNWlhy0lsfgqRenCpfymnJWEZ6mgpRgA==}
    engines: {node: '>=14.21.3'}
    cpu: [x64]
    os: [darwin]

  '@biomejs/cli-linux-arm64-musl@2.5.14':
    resolution: {integrity: sha512-SJ9PrZkBnnH9dHJDnxk34vKs0GB2dbsioaft6/hPhWJ7AHpwYH83Isnhj0FSRpFkGgpVfJ1lds23ApB2czUDLQ==}
    engines: {node: '>=14.21.3'}
    cpu: [arm64]
    os: [linux]
    libc: [musl]

  '@biomejs/cli-linux-arm64@2.5.14':
    resolution: {integrity: sha512-vO/9BaU1n30CiFNLx49gMTMtbCAAqlo/EqFoG0BU3deQInTbJrmXSmTQ9e3FoDZIKQnvSLDVNL4lx1ci7y1T1Q==}
    engines: {node: '>=14.21.3'}
    cpu: [arm64]
    os: [linux]
    libc: [glibc]

  '@biomejs/cli-linux-x64-musl@2.5.14':
    resolution: {integrity: sha512-2kI5PrMgW5dcEZYrstLPmUmCwkUwZY39rP4BN93Vxbwcs2O57LDQOktUZZYPvvspN5i0mhGr3TJtF5sU26NUWg==}
    engines: {node: '>=14.21.3'}
    cpu: [x64]
    os: [linux]
    libc: [musl]

  '@biomejs/cli-linux-x64@2.5.14':
    resolution: {integrity: sha512-VHZRa7CCQBUWKxNwUvHJeuW03WFRgN5NWO//SDGOitc9QIeNyfA42V9zlKm+x82xFSG9Bzi5fi+hbhm9anO8yA==}
    engines: {node: '>=14.21.3'}
    cpu: [x64]
    os: [linux]
    libc: [glibc]

  '@biomejs/cli-win32-arm64@2.5.14':
    resolution: {integrity: sha512-pHgAFffmZtaYoxavEsWEYNvcA7NwOIjLyqw2HXyLbt16xYryX0L4fMV2u0G9ag6LNYPIoqWaWqzUcnc6rLGGXg==}
    engines: {node: '>=14.21.3'}
    cpu: [arm64]
    os: [win32]

  '@biomejs/cli-win32-x64@2.5.14':
    resolution: {integrity: sha512-oJWmBhoHsnhUKIke+0gXDX0mltJrWHA1UyHsrTlXwX0TL64ilVZAo+TYZm97baecV0esBdpzy3k96q+09JaZUQ==}
    engines: {node: '>=14.21.3'}
    cpu: [x64]
    os: [win32]

  '@rainstormy/presets-biome@2.1.3':
    resolution: {integrity: sha512-9XiM4tiPNc9bFwwt4h6AzesggLx2h3KApti0N39MjXC2sDzAvXo0nAToGZyRNLWQnpnk8lecanfDp/N5Ecmf6g==}
    peerDependencies:
      '@biomejs/biome': '>=2.2.0 <2.4.0'

  lefthook-darwin-arm64@2.1.8:
    resolution: {integrity: sha512-6dZr2QUdJOOvy9FjQHZoFVfPjgxb9IH5f9DeU0OBYMQ0cUGvb5YjHnkUkRrWIlASmwFm1bk3OPwhqKU7pTsICw==}
    cpu: [arm64]
    os: [darwin]

  lefthook-darwin-x64@2.1.8:
    resolution: {integrity: sha512-DW1yc+W5RBHdwaPJ94/mwFNROmNHI8Osu0iziIeJFXJIdkQ2P+KHfoxBWejYd2QA2Eu5W9i+gBssTDkJ4kX2kA==}
    cpu: [x64]
    os: [darwin]

  lefthook-freebsd-arm64@2.1.8:
    resolution: {integrity: sha512-rmWVdImTihY/V1bLSb3zeDxEHjRBQtudnkKKsoph934enIWPwzIap5zVHHAj8q9mzp0wpn5r1ybX55aO2wM61A==}
    cpu: [arm64]
    os: [freebsd]

  lefthook-freebsd-x64@2.1.8:
    resolution: {integrity: sha512-o1AG4CpmgESxLqZWzkXhne+PhLhLFV0GHVAIJCmieOwq4q2+rDYAudGhtot/NrgSpyMCo84qVSQmI8Dgnu1XJw==}
    cpu: [x64]
    os: [freebsd]

  lefthook-linux-arm64@2.1.8:
    resolution: {integrity: sha512-er3zTjx2DMxojPJ1LZv0G3ug9Th+mAapqWrt5ZZhQNcXWW28pfvo2fCqBs6Fz14GMn4xassmwOpGovutSh1UtA==}
    cpu: [arm64]
    os: [linux]

  lefthook-linux-x64@2.1.8:
    resolution: {integrity: sha512-3yGx0VFbPcaKiIir313ETNcyq34CfAwkIU+Ry3WMGDjrsRNuA/YlDxm0BHKLcum7u+rpVfT4Uz6r8gHdaHXolg==}
    cpu: [x64]
    os: [linux]

  lefthook-openbsd-arm64@2.1.8:
    resolution: {integrity: sha512-Dq+GJdJdclOwxt4NneTFHjLSA4v8tI7XUZq40KUVtpUQDpZcYhXSdkTytB0uLmD52tbFKt9Kx0VbB6uvxPvLvw==}
    cpu: [arm64]
    os: [openbsd]

  lefthook-openbsd-x64@2.1.8:
    resolution: {integrity: sha512-/Gv2EdlzyiDoK+9fDWIn+EeTgrNeVncQsSeAF47X2Abe5LGxuFjZbBXxEIkY1BU79OQNNLnkx0gFHbrr5mmd9Q==}
    cpu: [x64]
    os: [openbsd]

  lefthook-windows-arm64@2.1.8:
    resolution: {integrity: sha512-S+/pBBj/7hMQOl9pLBS4Ut8+U0feQbzmD7iN0ifNth4r/uqW8UFFAHwERbclfsVnni4ceHpt7lFr7sXsu0RU8g==}
    cpu: [arm64]
    os: [win32]

  lefthook-windows-x64@2.1.8:
    resolution: {integrity: sha512-MpdgKMU/JLLCsEpTqJ9jWlxngSdDh3EknvUHveWePrIms7G11y6R3oZBNRSqZ+zx/PGNl/HKvqEtbwtw8Hz3gw==}
    cpu: [x64]
    os: [win32]

  lefthook@2.1.8:
    resolution: {integrity: sha512-tJIoVpFF52PuU8YPJI9bRprGwzI6FR2GNeBbpMnXdRjjfJHyOR4VRLXilzoQ6lbhKVHfTohXhrQgLpU41bKITg==}
    hasBin: true

snapshots:

  '@biomejs/biome@2.5.14':
    optionalDependencies:
      '@biomejs/cli-darwin-arm64': 2.5.14
      '@biomejs/cli-darwin-x64': 2.5.14
      '@biomejs/cli-linux-arm64': 2.5.14
      '@biomejs/cli-linux-arm64-musl': 2.5.14
      '@biomejs/cli-linux-x64': 2.5.14
      '@biomejs/cli-linux-x64-musl': 2.5.14
      '@biomejs/cli-win32-arm64': 2.5.14
      '@biomejs/cli-win32-x64': 2.5.14

  '@biomejs/cli-darwin-arm64@2.5.14':
    optional: true

  '@biomejs/cli-darwin-x64@2.5.14':
    optional: true

  '@biomejs/cli-linux-arm64-musl@2.5.14':
    optional: true

  '@biomejs/cli-linux-arm64@2.5.14':
    optional: true

  '@biomejs/cli-linux-x64-musl@2.5.14':
    optional: true

  '@biomejs/cli-linux-x64@2.5.14':
    optional: true

  '@biomejs/cli-win32-arm64@2.5.14':
    optional: true

  '@biomejs/cli-win32-x64@2.5.14':
    optional: true

  '@rainstormy/presets-biome@2.1.3(@biomejs/biome@2.5.14)':
    dependencies:
      '@biomejs/biome': 2.5.14

  lefthook-darwin-arm64@2.1.8:
    optional: true

  lefthook-darwin-x64@2.1.8:
    optional: true

  lefthook-freebsd-arm64@2.1.8:
    optional: true

  lefthook-freebsd-x64@2.1.8:
    optional: true

  lefthook-linux-arm64@2.1.8:
    optional: true

  lefthook-linux-x64@2.1.8:
    optional: true

  lefthook-openbsd-arm64@2.1.8:
    optional: true

  lefthook-openbsd-x64@2.1.8:
    optional: true

  lefthook-windows-arm64@2.1.8:
    optional: true

  lefthook-windows-x64@2.1.8:
    optional: true

  lefthook@2.1.8:
    optionalDependencies:
      lefthook-darwin-arm64: 2.1.8
      lefthook-darwin-x64: 2.1.8
      lefthook-freebsd-arm64: 2.1.8
      lefthook-freebsd-x64: 2.1.8
      lefthook-linux-arm64: 2.1.8
      lefthook-linux-x64: 2.1.8
      lefthook-openbsd-arm64: 2.1.8
      lefthook-openbsd-x64: 2.1.8
      lefthook-windows-arm64: 2.1.8
      lefthook-windows-x64: 2.1.8
